// !$*UTF8*$!
{
	archiveVersion = 1;
	classes = {
	};
	objectVersion = 50;
	objects = {

/* Begin PBXBuildFile section */
		6E404A692600F69400178067 /* AppDelegate.swift in Sources */ = {isa = PBXBuildFile; fileRef = 6E404A682600F69400178067 /* AppDelegate.swift */; };
		6E404A6B2600F69400178067 /* SceneDelegate.swift in Sources */ = {isa = PBXBuildFile; fileRef = 6E404A6A2600F69400178067 /* SceneDelegate.swift */; };
		6E404A6D2600F69400178067 /* ViewController.swift in Sources */ = {isa = PBXBuildFile; fileRef = 6E404A6C2600F69400178067 /* ViewController.swift */; };
		6E404A702600F69400178067 /* Main.storyboard in Resources */ = {isa = PBXBuildFile; fileRef = 6E404A6E2600F69400178067 /* Main.storyboard */; };
		6E404A722600F69500178067 /* Assets.xcassets in Resources */ = {isa = PBXBuildFile; fileRef = 6E404A712600F69500178067 /* Assets.xcassets */; };
		6E404A752600F69500178067 /* LaunchScreen.storyboard in Resources */ = {isa = PBXBuildFile; fileRef = 6E404A732600F69500178067 /* LaunchScreen.storyboard */; };
		6E404A802600F69600178067 /* iOS_CryptoTests.swift in Sources */ = {isa = PBXBuildFile; fileRef = 6E404A7F2600F69600178067 /* iOS_CryptoTests.swift */; };
		6E404A8B2600F69600178067 /* iOS_CryptoUITests.swift in Sources */ = {isa = PBXBuildFile; fileRef = 6E404A8A2600F69600178067 /* iOS_CryptoUITests.swift */; };
		6E404A992600F7B600178067 /* .gitignore in Resources */ = {isa = PBXBuildFile; fileRef = 6E404A982600F7B600178067 /* .gitignore */; };
		A0D313AF260360F400A08401 /* DetailViewController.swift in Sources */ = {isa = PBXBuildFile; fileRef = A0D313AE260360F400A08401 /* DetailViewController.swift */; };
/* End PBXBuildFile section */

/* Begin PBXContainerItemProxy section */
		6E404A7C2600F69600178067 /* PBXContainerItemProxy */ = {
			isa = PBXContainerItemProxy;
			containerPortal = 6E404A5D2600F69400178067 /* Project object */;
			proxyType = 1;
			remoteGlobalIDString = 6E404A642600F69400178067;
			remoteInfo = iOS_Crypto;
		};
		6E404A872600F69600178067 /* PBXContainerItemProxy */ = {
			isa = PBXContainerItemProxy;
			containerPortal = 6E404A5D2600F69400178067 /* Project object */;
			proxyType = 1;
			remoteGlobalIDString = 6E404A642600F69400178067;
			remoteInfo = iOS_Crypto;
		};
/* End PBXContainerItemProxy section */

/* Begin PBXFileReference section */
		6E404A652600F69400178067 /* iOS_Crypto.app */ = {isa = PBXFileReference; explicitFileType = wrapper.application; includeInIndex = 0; path = iOS_Crypto.app; sourceTree = BUILT_PRODUCTS_DIR; };
		6E404A682600F69400178067 /* AppDelegate.swift */ = {isa = PBXFileReference; lastKnownFileType = sourcecode.swift; path = AppDelegate.swift; sourceTree = "<group>"; };
		6E404A6A2600F69400178067 /* SceneDelegate.swift */ = {isa = PBXFileReference; lastKnownFileType = sourcecode.swift; path = SceneDelegate.swift; sourceTree = "<group>"; };
		6E404A6C2600F69400178067 /* ViewController.swift */ = {isa = PBXFileReference; lastKnownFileType = sourcecode.swift; path = ViewController.swift; sourceTree = "<group>"; };
		6E404A6F2600F69400178067 /* Base */ = {isa = PBXFileReference; lastKnownFileType = file.storyboard; name = Base; path = Base.lproj/Main.storyboard; sourceTree = "<group>"; };
		6E404A712600F69500178067 /* Assets.xcassets */ = {isa = PBXFileReference; lastKnownFileType = folder.assetcatalog; path = Assets.xcassets; sourceTree = "<group>"; };
		6E404A742600F69500178067 /* Base */ = {isa = PBXFileReference; lastKnownFileType = file.storyboard; name = Base; path = Base.lproj/LaunchScreen.storyboard; sourceTree = "<group>"; };
		6E404A762600F69500178067 /* Info.plist */ = {isa = PBXFileReference; lastKnownFileType = text.plist.xml; path = Info.plist; sourceTree = "<group>"; };
		6E404A7B2600F69600178067 /* iOS_CryptoTests.xctest */ = {isa = PBXFileReference; explicitFileType = wrapper.cfbundle; includeInIndex = 0; path = iOS_CryptoTests.xctest; sourceTree = BUILT_PRODUCTS_DIR; };
		6E404A7F2600F69600178067 /* iOS_CryptoTests.swift */ = {isa = PBXFileReference; lastKnownFileType = sourcecode.swift; path = iOS_CryptoTests.swift; sourceTree = "<group>"; };
		6E404A812600F69600178067 /* Info.plist */ = {isa = PBXFileReference; lastKnownFileType = text.plist.xml; path = Info.plist; sourceTree = "<group>"; };
		6E404A862600F69600178067 /* iOS_CryptoUITests.xctest */ = {isa = PBXFileReference; explicitFileType = wrapper.cfbundle; includeInIndex = 0; path = iOS_CryptoUITests.xctest; sourceTree = BUILT_PRODUCTS_DIR; };
		6E404A8A2600F69600178067 /* iOS_CryptoUITests.swift */ = {isa = PBXFileReference; lastKnownFileType = sourcecode.swift; path = iOS_CryptoUITests.swift; sourceTree = "<group>"; };
		6E404A8C2600F69600178067 /* Info.plist */ = {isa = PBXFileReference; lastKnownFileType = text.plist.xml; path = Info.plist; sourceTree = "<group>"; };
		6E404A982600F7B600178067 /* .gitignore */ = {isa = PBXFileReference; lastKnownFileType = text; path = .gitignore; sourceTree = "<group>"; };
		A0D313AE260360F400A08401 /* DetailViewController.swift */ = {isa = PBXFileReference; lastKnownFileType = sourcecode.swift; path = DetailViewController.swift; sourceTree = "<group>"; };
/* End PBXFileReference section */

/* Begin PBXFrameworksBuildPhase section */
		6E404A622600F69400178067 /* Frameworks */ = {
			isa = PBXFrameworksBuildPhase;
			buildActionMask = 2147483647;
			files = (
			);
			runOnlyForDeploymentPostprocessing = 0;
		};
		6E404A782600F69600178067 /* Frameworks */ = {
			isa = PBXFrameworksBuildPhase;
			buildActionMask = 2147483647;
			files = (
			);
			runOnlyForDeploymentPostprocessing = 0;
		};
		6E404A832600F69600178067 /* Frameworks */ = {
			isa = PBXFrameworksBuildPhase;
			buildActionMask = 2147483647;
			files = (
			);
			runOnlyForDeploymentPostprocessing = 0;
		};
/* End PBXFrameworksBuildPhase section */

/* Begin PBXGroup section */
		6E404A5C2600F69400178067 = {
			isa = PBXGroup;
			children = (
				6E404A982600F7B600178067 /* .gitignore */,
				6E404A672600F69400178067 /* iOS_Crypto */,
				6E404A7E2600F69600178067 /* iOS_CryptoTests */,
				6E404A892600F69600178067 /* iOS_CryptoUITests */,
				6E404A662600F69400178067 /* Products */,
			);
			sourceTree = "<group>";
		};
		6E404A662600F69400178067 /* Products */ = {
			isa = PBXGroup;
			children = (
				6E404A652600F69400178067 /* iOS_Crypto.app */,
				6E404A7B2600F69600178067 /* iOS_CryptoTests.xctest */,
				6E404A862600F69600178067 /* iOS_CryptoUITests.xctest */,
			);
			name = Products;
			sourceTree = "<group>";
		};
		6E404A672600F69400178067 /* iOS_Crypto */ = {
			isa = PBXGroup;
			children = (
				6E404A682600F69400178067 /* AppDelegate.swift */,
				6E404A6A2600F69400178067 /* SceneDelegate.swift */,
				6E404A6C2600F69400178067 /* ViewController.swift */,
				6E404A6E2600F69400178067 /* Main.storyboard */,
				6E404A712600F69500178067 /* Assets.xcassets */,
				6E404A732600F69500178067 /* LaunchScreen.storyboard */,
				6E404A762600F69500178067 /* Info.plist */,
				A0D313AE260360F400A08401 /* DetailViewController.swift */,
			);
			path = iOS_Crypto;
			sourceTree = "<group>";
		};
		6E404A7E2600F69600178067 /* iOS_CryptoTests */ = {
			isa = PBXGroup;
			children = (
				6E404A7F2600F69600178067 /* iOS_CryptoTests.swift */,
				6E404A812600F69600178067 /* Info.plist */,
			);
			path = iOS_CryptoTests;
			sourceTree = "<group>";
		};
		6E404A892600F69600178067 /* iOS_CryptoUITests */ = {
			isa = PBXGroup;
			children = (
				6E404A8A2600F69600178067 /* iOS_CryptoUITests.swift */,
				6E404A8C2600F69600178067 /* Info.plist */,
			);
			path = iOS_CryptoUITests;
			sourceTree = "<group>";
		};
/* End PBXGroup section */

/* Begin PBXNativeTarget section */
		6E404A642600F69400178067 /* iOS_Crypto */ = {
			isa = PBXNativeTarget;
			buildConfigurationList = 6E404A8F2600F69600178067 /* Build configuration list for PBXNativeTarget "iOS_Crypto" */;
			buildPhases = (
				6E404A612600F69400178067 /* Sources */,
				6E404A622600F69400178067 /* Frameworks */,
				6E404A632600F69400178067 /* Resources */,
			);
			buildRules = (
			);
			dependencies = (
			);
			name = iOS_Crypto;
			productName = iOS_Crypto;
			productReference = 6E404A652600F69400178067 /* iOS_Crypto.app */;
			productType = "com.apple.product-type.application";
		};
		6E404A7A2600F69600178067 /* iOS_CryptoTests */ = {
			isa = PBXNativeTarget;
			buildConfigurationList = 6E404A922600F69600178067 /* Build configuration list for PBXNativeTarget "iOS_CryptoTests" */;
			buildPhases = (
				6E404A772600F69600178067 /* Sources */,
				6E404A782600F69600178067 /* Frameworks */,
				6E404A792600F69600178067 /* Resources */,
			);
			buildRules = (
			);
			dependencies = (
				6E404A7D2600F69600178067 /* PBXTargetDependency */,
			);
			name = iOS_CryptoTests;
			productName = iOS_CryptoTests;
			productReference = 6E404A7B2600F69600178067 /* iOS_CryptoTests.xctest */;
			productType = "com.apple.product-type.bundle.unit-test";
		};
		6E404A852600F69600178067 /* iOS_CryptoUITests */ = {
			isa = PBXNativeTarget;
			buildConfigurationList = 6E404A952600F69600178067 /* Build configuration list for PBXNativeTarget "iOS_CryptoUITests" */;
			buildPhases = (
				6E404A822600F69600178067 /* Sources */,
				6E404A832600F69600178067 /* Frameworks */,
				6E404A842600F69600178067 /* Resources */,
			);
			buildRules = (
			);
			dependencies = (
				6E404A882600F69600178067 /* PBXTargetDependency */,
			);
			name = iOS_CryptoUITests;
			productName = iOS_CryptoUITests;
			productReference = 6E404A862600F69600178067 /* iOS_CryptoUITests.xctest */;
			productType = "com.apple.product-type.bundle.ui-testing";
		};
/* End PBXNativeTarget section */

/* Begin PBXProject section */
		6E404A5D2600F69400178067 /* Project object */ = {
			isa = PBXProject;
			attributes = {
				LastSwiftUpdateCheck = 1130;
				LastUpgradeCheck = 1240;
				ORGANIZATIONNAME = "Jimmy Lai";
				TargetAttributes = {
					6E404A642600F69400178067 = {
						CreatedOnToolsVersion = 11.3.1;
					};
					6E404A7A2600F69600178067 = {
						CreatedOnToolsVersion = 11.3.1;
						TestTargetID = 6E404A642600F69400178067;
					};
					6E404A852600F69600178067 = {
						CreatedOnToolsVersion = 11.3.1;
						TestTargetID = 6E404A642600F69400178067;
					};
				};
			};
			buildConfigurationList = 6E404A602600F69400178067 /* Build configuration list for PBXProject "iOS_Crypto" */;
			compatibilityVersion = "Xcode 9.3";
			developmentRegion = en;
			hasScannedForEncodings = 0;
			knownRegions = (
				en,
				Base,
			);
			mainGroup = 6E404A5C2600F69400178067;
			productRefGroup = 6E404A662600F69400178067 /* Products */;
			projectDirPath = "";
			projectRoot = "";
			targets = (
				6E404A642600F69400178067 /* iOS_Crypto */,
				6E404A7A2600F69600178067 /* iOS_CryptoTests */,
				6E404A852600F69600178067 /* iOS_CryptoUITests */,
			);
		};
/* End PBXProject section */

/* Begin PBXResourcesBuildPhase section */
		6E404A632600F69400178067 /* Resources */ = {
			isa = PBXResourcesBuildPhase;
			buildActionMask = 2147483647;
			files = (
				6E404A992600F7B600178067 /* .gitignore in Resources */,
				6E404A752600F69500178067 /* LaunchScreen.storyboard in Resources */,
				6E404A722600F69500178067 /* Assets.xcassets in Resources */,
				6E404A702600F69400178067 /* Main.storyboard in Resources */,
			);
			runOnlyForDeploymentPostprocessing = 0;
		};
		6E404A792600F69600178067 /* Resources */ = {
			isa = PBXResourcesBuildPhase;
			buildActionMask = 2147483647;
			files = (
			);
			runOnlyForDeploymentPostprocessing = 0;
		};
		6E404A842600F69600178067 /* Resources */ = {
			isa = PBXResourcesBuildPhase;
			buildActionMask = 2147483647;
			files = (
			);
			runOnlyForDeploymentPostprocessing = 0;
		};
/* End PBXResourcesBuildPhase section */

/* Begin PBXSourcesBuildPhase section */
		6E404A612600F69400178067 /* Sources */ = {
			isa = PBXSourcesBuildPhase;
			buildActionMask = 2147483647;
			files = (
				6E404A6D2600F69400178067 /* ViewController.swift in Sources */,
				6E404A692600F69400178067 /* AppDelegate.swift in Sources */,
				6E404A6B2600F69400178067 /* SceneDelegate.swift in Sources */,
				A0D313AF260360F400A08401 /* DetailViewController.swift in Sources */,
			);
			runOnlyForDeploymentPostprocessing = 0;
		};
		6E404A772600F69600178067 /* Sources */ = {
			isa = PBXSourcesBuildPhase;
			buildActionMask = 2147483647;
			files = (
				6E404A802600F69600178067 /* iOS_CryptoTests.swift in Sources */,
			);
			runOnlyForDeploymentPostprocessing = 0;
		};
		6E404A822600F69600178067 /* Sources */ = {
			isa = PBXSourcesBuildPhase;
			buildActionMask = 2147483647;
			files = (
				6E404A8B2600F69600178067 /* iOS_CryptoUITests.swift in Sources */,
			);
			runOnlyForDeploymentPostprocessing = 0;
		};
/* End PBXSourcesBuildPhase section */

/* Begin PBXTargetDependency section */
		6E404A7D2600F69600178067 /* PBXTargetDependency */ = {
			isa = PBXTargetDependency;
			target = 6E404A642600F69400178067 /* iOS_Crypto */;
			targetProxy = 6E404A7C2600F69600178067 /* PBXContainerItemProxy */;
		};
		6E404A882600F69600178067 /* PBXTargetDependency */ = {
			isa = PBXTargetDependency;
			target = 6E404A642600F69400178067 /* iOS_Crypto */;
			targetProxy = 6E404A872600F69600178067 /* PBXContainerItemProxy */;
		};
/* End PBXTargetDependency section */

/* Begin PBXVariantGroup section */
		6E404A6E2600F69400178067 /* Main.storyboard */ = {
			isa = PBXVariantGroup;
			children = (
				6E404A6F2600F69400178067 /* Base */,
			);
			name = Main.storyboard;
			sourceTree = "<group>";
		};
		6E404A732600F69500178067 /* LaunchScreen.storyboard */ = {
			isa = PBXVariantGroup;
			children = (
				6E404A742600F69500178067 /* Base */,
			);
			name = LaunchScreen.storyboard;
			sourceTree = "<group>";
		};
/* End PBXVariantGroup section */

/* Begin XCBuildConfiguration section */
		6E404A8D2600F69600178067 /* Debug */ = {
			isa = XCBuildConfiguration;
			buildSettings = {
				ALWAYS_SEARCH_USER_PATHS = NO;
				CLANG_ANALYZER_NONNULL = YES;
				CLANG_ANALYZER_NUMBER_OBJECT_CONVERSION = YES_AGGRESSIVE;
				CLANG_CXX_LANGUAGE_STANDARD = "gnu++14";
				CLANG_CXX_LIBRARY = "libc++";
				CLANG_ENABLE_MODULES = YES;
				CLANG_ENABLE_OBJC_ARC = YES;
				CLANG_ENABLE_OBJC_WEAK = YES;
				CLANG_WARN_BLOCK_CAPTURE_AUTORELEASING = YES;
				CLANG_WARN_BOOL_CONVERSION = YES;
				CLANG_WARN_COMMA = YES;
				CLANG_WARN_CONSTANT_CONVERSION = YES;
				CLANG_WARN_DEPRECATED_OBJC_IMPLEMENTATIONS = YES;
				CLANG_WARN_DIRECT_OBJC_ISA_USAGE = YES_ERROR;
				CLANG_WARN_DOCUMENTATION_COMMENTS = YES;
				CLANG_WARN_EMPTY_BODY = YES;
				CLANG_WARN_ENUM_CONVERSION = YES;
				CLANG_WARN_INFINITE_RECURSION = YES;
				CLANG_WARN_INT_CONVERSION = YES;
				CLANG_WARN_NON_LITERAL_NULL_CONVERSION = YES;
				CLANG_WARN_OBJC_IMPLICIT_RETAIN_SELF = YES;
				CLANG_WARN_OBJC_LITERAL_CONVERSION = YES;
				CLANG_WARN_OBJC_ROOT_CLASS = YES_ERROR;
				CLANG_WARN_QUOTED_INCLUDE_IN_FRAMEWORK_HEADER = YES;
				CLANG_WARN_RANGE_LOOP_ANALYSIS = YES;
				CLANG_WARN_STRICT_PROTOTYPES = YES;
				CLANG_WARN_SUSPICIOUS_MOVE = YES;
				CLANG_WARN_UNGUARDED_AVAILABILITY = YES_AGGRESSIVE;
				CLANG_WARN_UNREACHABLE_CODE = YES;
				CLANG_WARN__DUPLICATE_METHOD_MATCH = YES;
				COPY_PHASE_STRIP = NO;
				DEBUG_INFORMATION_FORMAT = dwarf;
				ENABLE_STRICT_OBJC_MSGSEND = YES;
				ENABLE_TESTABILITY = YES;
				GCC_C_LANGUAGE_STANDARD = gnu11;
				GCC_DYNAMIC_NO_PIC = NO;
				GCC_NO_COMMON_BLOCKS = YES;
				GCC_OPTIMIZATION_LEVEL = 0;
				GCC_PREPROCESSOR_DEFINITIONS = (
					"DEBUG=1",
					"$(inherited)",
				);
				GCC_WARN_64_TO_32_BIT_CONVERSION = YES;
				GCC_WARN_ABOUT_RETURN_TYPE = YES_ERROR;
				GCC_WARN_UNDECLARED_SELECTOR = YES;
				GCC_WARN_UNINITIALIZED_AUTOS = YES_AGGRESSIVE;
				GCC_WARN_UNUSED_FUNCTION = YES;
				GCC_WARN_UNUSED_VARIABLE = YES;
				IPHONEOS_DEPLOYMENT_TARGET = 13.2;
				MTL_ENABLE_DEBUG_INFO = INCLUDE_SOURCE;
				MTL_FAST_MATH = YES;
				ONLY_ACTIVE_ARCH = YES;
				SDKROOT = iphoneos;
				SWIFT_ACTIVE_COMPILATION_CONDITIONS = DEBUG;
				SWIFT_OPTIMIZATION_LEVEL = "-Onone";
			};
			name = Debug;
		};
		6E404A8E2600F69600178067 /* Release */ = {
			isa = XCBuildConfiguration;
			buildSettings = {
				ALWAYS_SEARCH_USER_PATHS = NO;
				CLANG_ANALYZER_NONNULL = YES;
				CLANG_ANALYZER_NUMBER_OBJECT_CONVERSION = YES_AGGRESSIVE;
				CLANG_CXX_LANGUAGE_STANDARD = "gnu++14";
				CLANG_CXX_LIBRARY = "libc++";
				CLANG_ENABLE_MODULES = YES;
				CLANG_ENABLE_OBJC_ARC = YES;
				CLANG_ENABLE_OBJC_WEAK = YES;
				CLANG_WARN_BLOCK_CAPTURE_AUTORELEASING = YES;
				CLANG_WARN_BOOL_CONVERSION = YES;
				CLANG_WARN_COMMA = YES;
				CLANG_WARN_CONSTANT_CONVERSION = YES;
				CLANG_WARN_DEPRECATED_OBJC_IMPLEMENTATIONS = YES;
				CLANG_WARN_DIRECT_OBJC_ISA_USAGE = YES_ERROR;
				CLANG_WARN_DOCUMENTATION_COMMENTS = YES;
				CLANG_WARN_EMPTY_BODY = YES;
				CLANG_WARN_ENUM_CONVERSION = YES;
				CLANG_WARN_INFINITE_RECURSION = YES;
				CLANG_WARN_INT_CONVERSION = YES;
				CLANG_WARN_NON_LITERAL_NULL_CONVERSION = YES;
				CLANG_WARN_OBJC_IMPLICIT_RETAIN_SELF = YES;
				CLANG_WARN_OBJC_LITERAL_CONVERSION = YES;
				CLANG_WARN_OBJC_ROOT_CLASS = YES_ERROR;
				CLANG_WARN_QUOTED_INCLUDE_IN_FRAMEWORK_HEADER = YES;
				CLANG_WARN_RANGE_LOOP_ANALYSIS = YES;
				CLANG_WARN_STRICT_PROTOTYPES = YES;
				CLANG_WARN_SUSPICIOUS_MOVE = YES;
				CLANG_WARN_UNGUARDED_AVAILABILITY = YES_AGGRESSIVE;
				CLANG_WARN_UNREACHABLE_CODE = YES;
				CLANG_WARN__DUPLICATE_METHOD_MATCH = YES;
				COPY_PHASE_STRIP = NO;
				DEBUG_INFORMATION_FORMAT = "dwarf-with-dsym";
				ENABLE_NS_ASSERTIONS = NO;
				ENABLE_STRICT_OBJC_MSGSEND = YES;
				GCC_C_LANGUAGE_STANDARD = gnu11;
				GCC_NO_COMMON_BLOCKS = YES;
				GCC_WARN_64_TO_32_BIT_CONVERSION = YES;
				GCC_WARN_ABOUT_RETURN_TYPE = YES_ERROR;
				GCC_WARN_UNDECLARED_SELECTOR = YES;
				GCC_WARN_UNINITIALIZED_AUTOS = YES_AGGRESSIVE;
				GCC_WARN_UNUSED_FUNCTION = YES;
				GCC_WARN_UNUSED_VARIABLE = YES;
				IPHONEOS_DEPLOYMENT_TARGET = 13.2;
				MTL_ENABLE_DEBUG_INFO = NO;
				MTL_FAST_MATH = YES;
				SDKROOT = iphoneos;
				SWIFT_COMPILATION_MODE = wholemodule;
				SWIFT_OPTIMIZATION_LEVEL = "-O";
				VALIDATE_PRODUCT = YES;
			};
			name = Release;
		};
		6E404A902600F69600178067 /* Debug */ = {
			isa = XCBuildConfiguration;
			buildSettings = {
				ASSETCATALOG_COMPILER_APPICON_NAME = AppIcon;
				CODE_SIGN_STYLE = Automatic;
				INFOPLIST_FILE = iOS_Crypto/Info.plist;
				LD_RUNPATH_SEARCH_PATHS = (
					"$(inherited)",
					"@executable_path/Frameworks",
				);
				PRODUCT_BUNDLE_IDENTIFIER = "com.sample.iOS-Crypto";
				PRODUCT_NAME = "$(TARGET_NAME)";
				SWIFT_VERSION = 5.0;
				TARGETED_DEVICE_FAMILY = "1,2";
			};
			name = Debug;
		};
		6E404A912600F69600178067 /* Release */ = {
			isa = XCBuildConfiguration;
			buildSettings = {
				ASSETCATALOG_COMPILER_APPICON_NAME = AppIcon;
				CODE_SIGN_STYLE = Automatic;
				INFOPLIST_FILE = iOS_Crypto/Info.plist;
				LD_RUNPATH_SEARCH_PATHS = (
					"$(inherited)",
					"@executable_path/Frameworks",
				);
				PRODUCT_BUNDLE_IDENTIFIER = "com.sample.iOS-Crypto";
				PRODUCT_NAME = "$(TARGET_NAME)";
				SWIFT_VERSION = 5.0;
				TARGETED_DEVICE_FAMILY = "1,2";
			};
			name = Release;
		};
		6E404A932600F69600178067 /* Debug */ = {
			isa = XCBuildConfiguration;
			buildSettings = {
				ALWAYS_EMBED_SWIFT_STANDARD_LIBRARIES = YES;
				BUNDLE_LOADER = "$(TEST_HOST)";
				CODE_SIGN_STYLE = Automatic;
				INFOPLIST_FILE = iOS_CryptoTests/Info.plist;
				IPHONEOS_DEPLOYMENT_TARGET = 13.2;
				LD_RUNPATH_SEARCH_PATHS = (
					"$(inherited)",
					"@executable_path/Frameworks",
					"@loader_path/Frameworks",
				);
				PRODUCT_BUNDLE_IDENTIFIER = "com.sample.iOS-CryptoTests";
				PRODUCT_NAME = "$(TARGET_NAME)";
				SWIFT_VERSION = 5.0;
				TARGETED_DEVICE_FAMILY = "1,2";
				TEST_HOST = "$(BUILT_PRODUCTS_DIR)/iOS_Crypto.app/iOS_Crypto";
			};
			name = Debug;
		};
		6E404A942600F69600178067 /* Release */ = {
			isa = XCBuildConfiguration;
			buildSettings = {
				ALWAYS_EMBED_SWIFT_STANDARD_LIBRARIES = YES;
				BUNDLE_LOADER = "$(TEST_HOST)";
				CODE_SIGN_STYLE = Automatic;
				INFOPLIST_FILE = iOS_CryptoTests/Info.plist;
				IPHONEOS_DEPLOYMENT_TARGET = 13.2;
				LD_RUNPATH_SEARCH_PATHS = (
					"$(inherited)",
					"@executable_path/Frameworks",
					"@loader_path/Frameworks",
				);
				PRODUCT_BUNDLE_IDENTIFIER = "com.sample.iOS-CryptoTests";
				PRODUCT_NAME = "$(TARGET_NAME)";
				SWIFT_VERSION = 5.0;
				TARGETED_DEVICE_FAMILY = "1,2";
				TEST_HOST = "$(BUILT_PRODUCTS_DIR)/iOS_Crypto.app/iOS_Crypto";
			};
			name = Release;
		};
		6E404A962600F69600178067 /* Debug */ = {
			isa = XCBuildConfiguration;
			buildSettings = {
				ALWAYS_EMBED_SWIFT_STANDARD_LIBRARIES = YES;
				CODE_SIGN_STYLE = Automatic;
				INFOPLIST_FILE = iOS_CryptoUITests/Info.plist;
				LD_RUNPATH_SEARCH_PATHS = (
					"$(inherited)",
					"@executable_path/Frameworks",
					"@loader_path/Frameworks",
				);
				PRODUCT_BUNDLE_IDENTIFIER = "com.sample.iOS-CryptoUITests";
				PRODUCT_NAME = "$(TARGET_NAME)";
				SWIFT_VERSION = 5.0;
				TARGETED_DEVICE_FAMILY = "1,2";
				TEST_TARGET_NAME = iOS_Crypto;
			};
			name = Debug;
		};
		6E404A972600F69600178067 /* Release */ = {
			isa = XCBuildConfiguration;
			buildSettings = {
				ALWAYS_EMBED_SWIFT_STANDARD_LIBRARIES = YES;
				CODE_SIGN_STYLE = Automatic;
				INFOPLIST_FILE = iOS_CryptoUITests/Info.plist;
				LD_RUNPATH_SEARCH_PATHS = (
					"$(inherited)",
					"@executable_path/Frameworks",
					"@loader_path/Frameworks",
				);
				PRODUCT_BUNDLE_IDENTIFIER = "com.sample.iOS-CryptoUITests";
				PRODUCT_NAME = "$(TARGET_NAME)";
				SWIFT_VERSION = 5.0;
				TARGETED_DEVICE_FAMILY = "1,2";
				TEST_TARGET_NAME = iOS_Crypto;
			};
			name = Release;
		};
/* End XCBuildConfiguration section */

/* Begin XCConfigurationList section */
		6E404A602600F69400178067 /* Build configuration list for PBXProject "iOS_Crypto" */ = {
			isa = XCConfigurationList;
			buildConfigurations = (
				6E404A8D2600F69600178067 /* Debug */,
				6E404A8E2600F69600178067 /* Release */,
			);
			defaultConfigurationIsVisible = 0;
			defaultConfigurationName = Release;
		};
		6E404A8F2600F69600178067 /* Build configuration list for PBXNativeTarget "iOS_Crypto" */ = {
			isa = XCConfigurationList;
			buildConfigurations = (
				6E404A902600F69600178067 /* Debug */,
				6E404A912600F69600178067 /* Release */,
			);
			defaultConfigurationIsVisible = 0;
			defaultConfigurationName = Release;
		};
		6E404A922600F69600178067 /* Build configuration list for PBXNativeTarget "iOS_CryptoTests" */ = {
			isa = XCConfigurationList;
			buildConfigurations = (
				6E404A932600F69600178067 /* Debug */,
				6E404A942600F69600178067 /* Release */,
			);
			defaultConfigurationIsVisible = 0;
			defaultConfigurationName = Release;
		};
		6E404A952600F69600178067 /* Build configuration list for PBXNativeTarget "iOS_CryptoUITests" */ = {
			isa = XCConfigurationList;
			buildConfigurations = (
				6E404A962600F69600178067 /* Debug */,
				6E404A972600F69600178067 /* Release */,
			);
			defaultConfigurationIsVisible = 0;
			defaultConfigurationName = Release;
		};
/* End XCConfigurationList section */
	};
	rootObject = 6E404A5D2600F69400178067 /* Project object */;
}
